
Microsoft Visual Studio Solution File, Format Version 12.00
# Visual Studio Version 17
VisualStudioVersion = 17.9.34728.123
MinimumVisualStudioVersion = 10.0.40219.1
Project("{FAE04EC0-301F-11D3-BF4B-00C04F79EFBC}") = "GNCRodrigues", "GNCRodrigues\GNCRodrigues.csproj", "{71AB668A-9307-4E1C-8643-9421E394F91C}"
EndProject
Global
	GlobalSection(SolutionConfigurationPlatforms) = preSolution
		Debug|Any CPU = Debug|Any CPU
		Release|Any CPU = Release|Any CPU
	EndGlobalSection
	GlobalSection(ProjectConfigurationPlatforms) = postSolution
		{71AB668A-9307-4E1C-8643-9421E394F91C}.Debug|Any CPU.ActiveCfg = Debug|Any CPU
		{71AB668A-9307-4E1C-8643-9421E394F91C}.Debug|Any CPU.Build.0 = Debug|Any CPU
		{71AB668A-9307-4E1C-8643-9421E394F91C}.Release|Any CPU.ActiveCfg = Release|Any CPU
		{71AB668A-9307-4E1C-8643-9421E394F91C}.Release|Any CPU.Build.0 = Release|Any CPU
	EndGlobalSection
	GlobalSection(SolutionProperties) = preSolution
		HideSolutionNode = FALSE
	EndGlobalSection
	GlobalSection(ExtensibilityGlobals) = postSolution
		SolutionGuid = {49BCEB07-154C-4CB2-A897-CA4858F798FF}
	EndGlobalSection
EndGlobal
